
Microsoft Visual Studio Solution File, Format Version 12.00
# Visual Studio Version 17
VisualStudioVersion = 17.12.35506.116 d17.12
MinimumVisualStudioVersion = 10.0.40219.1
Project("{FAE04EC0-301F-11D3-BF4B-00C04F79EFBC}") = "Obada_Shop.API", "Obada_Shop.API\Obada_Shop.API.csproj", "{8CB17CAC-689F-41B7-93C9-C6BA60CC9973}"
EndProject
Global
	GlobalSection(SolutionConfigurationPlatforms) = preSolution
		Debug|Any CPU = Debug|Any CPU
		Release|Any CPU = Release|Any CPU
	EndGlobalSection
	GlobalSection(ProjectConfigurationPlatforms) = postSolution
		{8CB17CAC-689F-41B7-93C9-C6BA60CC9973}.Debug|Any CPU.ActiveCfg = Debug|Any CPU
		{8CB17CAC-689F-41B7-93C9-C6BA60CC9973}.Debug|Any CPU.Build.0 = Debug|Any CPU
		{8CB17CAC-689F-41B7-93C9-C6BA60CC9973}.Release|Any CPU.ActiveCfg = Release|Any CPU
		{8CB17CAC-689F-41B7-93C9-C6BA60CC9973}.Release|Any CPU.Build.0 = Release|Any CPU
	EndGlobalSection
	GlobalSection(SolutionProperties) = preSolution
		HideSolutionNode = FALSE
	EndGlobalSection
EndGlobal
